
Microsoft Visual Studio Solution File, Format Version 12.00
# Visual Studio Version 17
VisualStudioVersion = 17.8.34322.80
MinimumVisualStudioVersion = 10.0.40219.1
Project("{FAE04EC0-301F-11D3-BF4B-00C04F79EFBC}") = "ToDoList", "ToDoList\ToDoList.csproj", "{DA2683E5-069F-4FA0-A8EC-EF94293A1A22}"
EndProject
Global
	GlobalSection(SolutionConfigurationPlatforms) = preSolution
		Debug|Any CPU = Debug|Any CPU
		Release|Any CPU = Release|Any CPU
	EndGlobalSection
	GlobalSection(ProjectConfigurationPlatforms) = postSolution
		{DA2683E5-069F-4FA0-A8EC-EF94293A1A22}.Debug|Any CPU.ActiveCfg = Debug|Any CPU
		{DA2683E5-069F-4FA0-A8EC-EF94293A1A22}.Debug|Any CPU.Build.0 = Debug|Any CPU
		{DA2683E5-069F-4FA0-A8EC-EF94293A1A22}.Release|Any CPU.ActiveCfg = Release|Any CPU
		{DA2683E5-069F-4FA0-A8EC-EF94293A1A22}.Release|Any CPU.Build.0 = Release|Any CPU
	EndGlobalSection
	GlobalSection(SolutionProperties) = preSolution
		HideSolutionNode = FALSE
	EndGlobalSection
	GlobalSection(ExtensibilityGlobals) = postSolution
		SolutionGuid = {EA6F3671-B2F8-4D45-9182-3CDBE6F28B6C}
	EndGlobalSection
EndGlobal
